
Microsoft Visual Studio Solution File, Format Version 12.00
# Visual Studio Version 16
VisualStudioVersion = 16.0.31019.35
MinimumVisualStudioVersion = 10.0.40219.1
Project("{FAE04EC0-301F-11D3-BF4B-00C04F79EFBC}") = "ACM.BL", "ACM.BL\ACM.BL.csproj", "{0AAD8D75-9C4D-41C9-8727-C558CFE1BD13}"
EndProject
Project("{2150E333-8FDC-42A3-9474-1A3956D46DE8}") = "Tests", "Tests", "{403EBEA4-FB62-4724-BBF6-7376E83BE332}"
EndProject
Project("{FAE04EC0-301F-11D3-BF4B-00C04F79EFBC}") = "ACM.BLTest", "Tests\ACM.BLTest\ACM.BLTest.csproj", "{53B991BF-6D7F-4BAE-B7A7-C50E6AE69A39}"
EndProject
Global
	GlobalSection(SolutionConfigurationPlatforms) = preSolution
		Debug|Any CPU = Debug|Any CPU
		Release|Any CPU = Release|Any CPU
	EndGlobalSection
	GlobalSection(ProjectConfigurationPlatforms) = postSolution
		{0AAD8D75-9C4D-41C9-8727-C558CFE1BD13}.Debug|Any CPU.ActiveCfg = Debug|Any CPU
		{0AAD8D75-9C4D-41C9-8727-C558CFE1BD13}.Debug|Any CPU.Build.0 = Debug|Any CPU
		{0AAD8D75-9C4D-41C9-8727-C558CFE1BD13}.Release|Any CPU.ActiveCfg = Release|Any CPU
		{0AAD8D75-9C4D-41C9-8727-C558CFE1BD13}.Release|Any CPU.Build.0 = Release|Any CPU
		{53B991BF-6D7F-4BAE-B7A7-C50E6AE69A39}.Debug|Any CPU.ActiveCfg = Debug|Any CPU
		{53B991BF-6D7F-4BAE-B7A7-C50E6AE69A39}.Debug|Any CPU.Build.0 = Debug|Any CPU
		{53B991BF-6D7F-4BAE-B7A7-C50E6AE69A39}.Release|Any CPU.ActiveCfg = Release|Any CPU
		{53B991BF-6D7F-4BAE-B7A7-C50E6AE69A39}.Release|Any CPU.Build.0 = Release|Any CPU
	EndGlobalSection
	GlobalSection(SolutionProperties) = preSolution
		HideSolutionNode = FALSE
	EndGlobalSection
	GlobalSection(NestedProjects) = preSolution
		{53B991BF-6D7F-4BAE-B7A7-C50E6AE69A39} = {403EBEA4-FB62-4724-BBF6-7376E83BE332}
	EndGlobalSection
	GlobalSection(ExtensibilityGlobals) = postSolution
		SolutionGuid = {2E529E03-6F69-4902-ABC6-6CA7041604BD}
	EndGlobalSection
EndGlobal
